# THIS IS AN AUTOGENERATED FILE. DO NOT EDIT THIS FILE DIRECTLY.
# yarn lockfile v1


"@hapi/accept@^5.0.2":
  version "5.0.2"
  resolved "https://registry.yarnpkg.com/@hapi/accept/-/accept-5.0.2.tgz#ab7043b037e68b722f93f376afb05e85c0699523"
  integrity sha512-CmzBx/bXUR8451fnZRuZAJRlzgm0Jgu5dltTX/bszmR2lheb9BpyN47Q1RbaGTsvFzn0PXAEs+lXDKfshccYZw==
  dependencies:
    "@hapi/boom" "9.x.x"
    "@hapi/hoek" "9.x.x"

"@hapi/boom@9.x.x":
  version "9.1.4"
  resolved "https://registry.yarnpkg.com/@hapi/boom/-/boom-9.1.4.tgz#1f9dad367c6a7da9f8def24b4a986fc5a7bd9db6"
  integrity sha512-Ls1oH8jaN1vNsqcaHVYJrKmgMcKsC1wcp8bujvXrHaAqD2iDYq3HoOwsxwo09Cuda5R5nC0o0IxlrlTuvPuzSw==
  dependencies:
    "@hapi/hoek" "9.x.x"

"@hapi/hoek@9.x.x":
  version "9.2.1"
  resolved "https://registry.yarnpkg.com/@hapi/hoek/-/hoek-9.2.1.tgz#9551142a1980503752536b5050fd99f4a7f13b17"
  integrity sha512-gfta+H8aziZsm8pZa0vj04KO6biEiisppNgA1kbJvFrrWu9Vm7eaUEy76DIxsuTaWvti5fkJVhllWc6ZTE+Mdw==

"@types/node@*":
  version "17.0.23"
  resolved "https://registry.yarnpkg.com/@types/node/-/node-17.0.23.tgz#3b41a6e643589ac6442bdbd7a4a3ded62f33f7da"
  integrity sha512-UxDxWn7dl97rKVeVS61vErvw086aCYhDLyvRQZ5Rk65rZKepaFdm53GeqXaKBuOhED4e9uWq34IC3TdSdJJ2Gw==

"@types/node@^17.0.23":
  version "17.0.24"
  resolved "https://registry.yarnpkg.com/@types/node/-/node-17.0.24.tgz#20ba1bf69c1b4ab405c7a01e950c4f446b05029f"
  integrity sha512-aveCYRQbgTH9Pssp1voEP7HiuWlD2jW2BO56w+bVrJn04i61yh6mRfoKO6hEYQD9vF+W8Chkwc6j1M36uPkx4g==

"@types/node@^17.0.40":
  version "17.0.40"
  resolved "https://registry.yarnpkg.com/@types/node/-/node-17.0.40.tgz#76ee88ae03650de8064a6cf75b8d95f9f4a16090"
  integrity sha512-UXdBxNGqTMtm7hCwh9HtncFVLrXoqA3oJW30j6XWp5BH/wu3mVeaxo7cq5benFdBw34HB3XDT2TRPI7rXZ+mDg==

"@types/ws@^8.5.3":
  version "8.5.3"
  resolved "https://registry.yarnpkg.com/@types/ws/-/ws-8.5.3.tgz#7d25a1ffbecd3c4f2d35068d0b283c037003274d"
  integrity sha512-6YOoWjruKj1uLf3INHH7D3qTXwFfEsg1kf3c0uDdSBJwfa/llkwIjrAGV7j7mVgGNbzTQ3HiHKKDXl6bJPD97w==
  dependencies:
    "@types/node" "*"

asap@^2.0.0:
  version "2.0.6"
  resolved "https://registry.yarnpkg.com/asap/-/asap-2.0.6.tgz#e50347611d7e690943208bbdafebcbc2fb866d46"
  integrity sha1-5QNHYR1+aQlDIIu9r+vLwvuGbUY=

dezalgo@1.0.3:
  version "1.0.3"
  resolved "https://registry.yarnpkg.com/dezalgo/-/dezalgo-1.0.3.tgz#7f742de066fc748bc8db820569dddce49bf0d456"
  integrity sha1-f3Qt4Gb8dIvI24IFad3c5Jvw1FY=
  dependencies:
    asap "^2.0.0"
    wrappy "1"

"fallible-server@https://github.com/gregor-smith/fallible-server.git#v0.2.1-alpha":
  version "0.2.1"
  resolved "https://github.com/gregor-smith/fallible-server.git#24e899f92f71e6b86fb280f3727c0a0d788de131"
  dependencies:
    "@types/node" "^17.0.23"
    "@types/ws" "^8.5.3"
    fallible "https://github.com/gregor-smith/fallible.git#v1.0.0"
    formidable v3
    headers-polyfill "^3.0.7"
    secure-json-parse "^2.4.0"
    ws "^7.4.6"

"fallible@https://github.com/gregor-smith/fallible.git#v1.0.0":
  version "1.0.0"
  resolved "https://github.com/gregor-smith/fallible.git#890849b057f5b3b472cb58fa9fe2bdffe06c2a48"

formidable@v3:
  version "3.2.1"
  resolved "https://registry.yarnpkg.com/formidable/-/formidable-3.2.1.tgz#1e2d4d4ef362f1d269624c867f232ceeaf021ca8"
  integrity sha512-AwoxIYwFR51avbHvM5LRTbJi/vuwAuUK1vdhD5nS6ewB4kBGJXGgCXPzpsZVewJ+s+J3U6DR00tCWLnppc9rrA==
  dependencies:
    dezalgo "1.0.3"
    hexoid "1.0.0"
    once "1.4.0"

headers-polyfill@^3.0.7:
  version "3.0.7"
  resolved "https://registry.yarnpkg.com/headers-polyfill/-/headers-polyfill-3.0.7.tgz#725c4f591e6748f46b036197eae102c92b959ff4"
  integrity sha512-JoLCAdCEab58+2/yEmSnOlficyHFpIl0XJqwu3l+Unkm1gXpFUYsThz6Yha3D6tNhocWkCPfyW0YVIGWFqTi7w==

hexoid@1.0.0:
  version "1.0.0"
  resolved "https://registry.yarnpkg.com/hexoid/-/hexoid-1.0.0.tgz#ad10c6573fb907de23d9ec63a711267d9dc9bc18"
  integrity sha512-QFLV0taWQOZtvIRIAdBChesmogZrtuXvVWsFHZTk2SU+anspqZ2vMnoLg7IE1+Uk16N19APic1BuF8bC8c2m5g==

once@1.4.0:
  version "1.4.0"
  resolved "https://registry.yarnpkg.com/once/-/once-1.4.0.tgz#583b1aa775961d4b113ac17d9c50baef9dd76bd1"
  integrity sha1-WDsap3WWHUsROsF9nFC6753Xa9E=
  dependencies:
    wrappy "1"

runtypes@^6.5.1:
  version "6.5.1"
  resolved "https://registry.yarnpkg.com/runtypes/-/runtypes-6.5.1.tgz#125d9a50c3b7dd45db6e47d42bb1c411b4f3f008"
  integrity sha512-vYxcAYzC868ZY4BgazBomT9dpWHZnG3CH++5mhlVKGKqf2MzON4itmEmQt3uGTUOyipeUn7GALAN0nQhjPNRtA==

secure-json-parse@^2.4.0:
  version "2.4.0"
  resolved "https://registry.yarnpkg.com/secure-json-parse/-/secure-json-parse-2.4.0.tgz#5aaeaaef85c7a417f76271a4f5b0cc3315ddca85"
  integrity sha512-Q5Z/97nbON5t/L/sH6mY2EacfjVGwrCcSi5D3btRO2GZ8pf1K1UN7Z9H5J57hjVU2Qzxr1xO+FmBhOvEkzCMmg==

typescript@^4.6.0-dev.20211103:
  version "4.6.0-dev.20220125"
  resolved "https://registry.yarnpkg.com/typescript/-/typescript-4.6.0-dev.20220125.tgz#8728416183e657b470d4edfe4ce3cdc7044059aa"
  integrity sha512-//hQWQWU03AVI1VNNiii8dO46TcerWv1q4CWwgOmjKA6ddJigbdQ6aUYgDfUILShI4U13bOvbDTQREp74WO4cQ==

wrappy@1:
  version "1.0.2"
  resolved "https://registry.yarnpkg.com/wrappy/-/wrappy-1.0.2.tgz#b5243d8f3ec1aa35f1364605bc0d1036e30ab69f"
  integrity sha1-tSQ9jz7BqjXxNkYFvA0QNuMKtp8=

ws@^7.4.6:
  version "7.5.7"
  resolved "https://registry.yarnpkg.com/ws/-/ws-7.5.7.tgz#9e0ac77ee50af70d58326ecff7e85eb3fa375e67"
  integrity sha512-KMvVuFzpKBuiIXW3E4u3mySRO2/mCHSyZDJQM5NQ9Q9KHWHWh0NHgfbRMLLrceUK5qAL4ytALJbpRMjixFZh8A==

ws@^8.7.0:
  version "8.7.0"
  resolved "https://registry.yarnpkg.com/ws/-/ws-8.7.0.tgz#eaf9d874b433aa00c0e0d8752532444875db3957"
  integrity sha512-c2gsP0PRwcLFzUiA8Mkr37/MI7ilIlHQxaEAtd0uNMbVMoy8puJyafRlm0bV9MbGSabUPeLrRRaqIBcFcA2Pqg==
