# THIS IS AN AUTOGENERATED FILE. DO NOT EDIT THIS FILE DIRECTLY.
# yarn lockfile v1


"@hapi/accept@^5.0.2":
  version "5.0.2"
  resolved "https://registry.yarnpkg.com/@hapi/accept/-/accept-5.0.2.tgz#ab7043b037e68b722f93f376afb05e85c0699523"
  integrity sha512-CmzBx/bXUR8451fnZRuZAJRlzgm0Jgu5dltTX/bszmR2lheb9BpyN47Q1RbaGTsvFzn0PXAEs+lXDKfshccYZw==
  dependencies:
    "@hapi/boom" "9.x.x"
    "@hapi/hoek" "9.x.x"

"@hapi/boom@9.x.x":
  version "9.1.4"
  resolved "https://registry.yarnpkg.com/@hapi/boom/-/boom-9.1.4.tgz#1f9dad367c6a7da9f8def24b4a986fc5a7bd9db6"
  integrity sha512-Ls1oH8jaN1vNsqcaHVYJrKmgMcKsC1wcp8bujvXrHaAqD2iDYq3HoOwsxwo09Cuda5R5nC0o0IxlrlTuvPuzSw==
  dependencies:
    "@hapi/hoek" "9.x.x"

"@hapi/hoek@9.x.x":
  version "9.2.1"
  resolved "https://registry.yarnpkg.com/@hapi/hoek/-/hoek-9.2.1.tgz#9551142a1980503752536b5050fd99f4a7f13b17"
  integrity sha512-gfta+H8aziZsm8pZa0vj04KO6biEiisppNgA1kbJvFrrWu9Vm7eaUEy76DIxsuTaWvti5fkJVhllWc6ZTE+Mdw==

"@types/node@*", "@types/node@^17.0.17":
  version "17.0.23"
  resolved "https://registry.yarnpkg.com/@types/node/-/node-17.0.23.tgz#3b41a6e643589ac6442bdbd7a4a3ded62f33f7da"
  integrity sha512-UxDxWn7dl97rKVeVS61vErvw086aCYhDLyvRQZ5Rk65rZKepaFdm53GeqXaKBuOhED4e9uWq34IC3TdSdJJ2Gw==

"@types/secure-json-parse@^1.0.2":
  version "1.0.3"
  resolved "https://registry.yarnpkg.com/@types/secure-json-parse/-/secure-json-parse-1.0.3.tgz#66166ad5cead1aca15559b30a074723d64feafd2"
  integrity sha512-q+pIm0NCIAeaBMfrAcJE3fa4VYKNGOlA96MOitTJzs85/UORxAVX9Q/+kue31Al5j53Aie8b+kOHVj8MvAIn0A==

"@types/ws@^7.4.0":
  version "7.4.7"
  resolved "https://registry.yarnpkg.com/@types/ws/-/ws-7.4.7.tgz#f7c390a36f7a0679aa69de2d501319f4f8d9b702"
  integrity sha512-JQbbmxZTZehdc2iszGKs5oC3NFnjeay7mtAWrdt7qNtAVK0g19muApzAy4bm9byz79xa2ZnO/BOBC2R8RC5Lww==
  dependencies:
    "@types/node" "*"

asap@^2.0.0:
  version "2.0.6"
  resolved "https://registry.yarnpkg.com/asap/-/asap-2.0.6.tgz#e50347611d7e690943208bbdafebcbc2fb866d46"
  integrity sha1-5QNHYR1+aQlDIIu9r+vLwvuGbUY=

dezalgo@1.0.3:
  version "1.0.3"
  resolved "https://registry.yarnpkg.com/dezalgo/-/dezalgo-1.0.3.tgz#7f742de066fc748bc8db820569dddce49bf0d456"
  integrity sha1-f3Qt4Gb8dIvI24IFad3c5Jvw1FY=
  dependencies:
    asap "^2.0.0"
    wrappy "1"

"fallible-server@https://github.com/gregor-smith/fallible-server.git":
  version "0.1.0"
  resolved "https://github.com/gregor-smith/fallible-server.git#332a49b76b538778875a9cd3836c0a4eed5e1e91"
  dependencies:
    "@types/node" "^17.0.17"
    "@types/secure-json-parse" "^1.0.2"
    "@types/ws" "^7.4.0"
    fallible "https://github.com/gregor-smith/fallible.git"
    formidable v3
    secure-json-parse "^2.3.1"
    ws "^7.4.3"

"fallible@https://github.com/gregor-smith/fallible.git":
  version "0.1.0"
  resolved "https://github.com/gregor-smith/fallible.git#4fe10a151291b7bf80306ac53d665af4dfd5fd82"

formidable@v3:
  version "3.2.1"
  resolved "https://registry.yarnpkg.com/formidable/-/formidable-3.2.1.tgz#1e2d4d4ef362f1d269624c867f232ceeaf021ca8"
  integrity sha512-AwoxIYwFR51avbHvM5LRTbJi/vuwAuUK1vdhD5nS6ewB4kBGJXGgCXPzpsZVewJ+s+J3U6DR00tCWLnppc9rrA==
  dependencies:
    dezalgo "1.0.3"
    hexoid "1.0.0"
    once "1.4.0"

hexoid@1.0.0:
  version "1.0.0"
  resolved "https://registry.yarnpkg.com/hexoid/-/hexoid-1.0.0.tgz#ad10c6573fb907de23d9ec63a711267d9dc9bc18"
  integrity sha512-QFLV0taWQOZtvIRIAdBChesmogZrtuXvVWsFHZTk2SU+anspqZ2vMnoLg7IE1+Uk16N19APic1BuF8bC8c2m5g==

once@1.4.0:
  version "1.4.0"
  resolved "https://registry.yarnpkg.com/once/-/once-1.4.0.tgz#583b1aa775961d4b113ac17d9c50baef9dd76bd1"
  integrity sha1-WDsap3WWHUsROsF9nFC6753Xa9E=
  dependencies:
    wrappy "1"

runtypes@^6.5:
  version "6.5.0"
  resolved "https://registry.yarnpkg.com/runtypes/-/runtypes-6.5.0.tgz#019c70c8f20659ca0339c95cb1e881573ba30d82"
  integrity sha512-+jK1mRi6KvZ9m+LGxCYUY9CJMxCLz8LDRiGtBrq5UKvgOv2MocrXMc2D1dDkY7gRR8BzfG64yTsGdS2aC7arpQ==

secure-json-parse@^2.3.1:
  version "2.4.0"
  resolved "https://registry.yarnpkg.com/secure-json-parse/-/secure-json-parse-2.4.0.tgz#5aaeaaef85c7a417f76271a4f5b0cc3315ddca85"
  integrity sha512-Q5Z/97nbON5t/L/sH6mY2EacfjVGwrCcSi5D3btRO2GZ8pf1K1UN7Z9H5J57hjVU2Qzxr1xO+FmBhOvEkzCMmg==

typescript@^4.6.0-dev.20211103:
  version "4.6.0-dev.20220125"
  resolved "https://registry.yarnpkg.com/typescript/-/typescript-4.6.0-dev.20220125.tgz#8728416183e657b470d4edfe4ce3cdc7044059aa"
  integrity sha512-//hQWQWU03AVI1VNNiii8dO46TcerWv1q4CWwgOmjKA6ddJigbdQ6aUYgDfUILShI4U13bOvbDTQREp74WO4cQ==

wrappy@1:
  version "1.0.2"
  resolved "https://registry.yarnpkg.com/wrappy/-/wrappy-1.0.2.tgz#b5243d8f3ec1aa35f1364605bc0d1036e30ab69f"
  integrity sha1-tSQ9jz7BqjXxNkYFvA0QNuMKtp8=

ws@^7.4.3:
  version "7.5.7"
  resolved "https://registry.yarnpkg.com/ws/-/ws-7.5.7.tgz#9e0ac77ee50af70d58326ecff7e85eb3fa375e67"
  integrity sha512-KMvVuFzpKBuiIXW3E4u3mySRO2/mCHSyZDJQM5NQ9Q9KHWHWh0NHgfbRMLLrceUK5qAL4ytALJbpRMjixFZh8A==
